// !$*UTF8*$!
{
	archiveVersion = 1;
	classes = {
	};
	objectVersion = 48;
	objects = {

/* Begin PBXBuildFile section */
		BE071B51201D4C7C0063AC95 /* AppDelegate.swift in Sources */ = {isa = PBXBuildFile; fileRef = BE071B50201D4C7C0063AC95 /* AppDelegate.swift */; };
		BE071B56201D4C7C0063AC95 /* Main.storyboard in Resources */ = {isa = PBXBuildFile; fileRef = BE071B54201D4C7C0063AC95 /* Main.storyboard */; };
		BE071B58201D4C7C0063AC95 /* Assets.xcassets in Resources */ = {isa = PBXBuildFile; fileRef = BE071B57201D4C7C0063AC95 /* Assets.xcassets */; };
		BE071B5B201D4C7C0063AC95 /* LaunchScreen.storyboard in Resources */ = {isa = PBXBuildFile; fileRef = BE071B59201D4C7C0063AC95 /* LaunchScreen.storyboard */; };
		BE071B66201D4C7C0063AC95 /* HomepwnerTests.swift in Sources */ = {isa = PBXBuildFile; fileRef = BE071B65201D4C7C0063AC95 /* HomepwnerTests.swift */; };
		BE071B71201D4C7C0063AC95 /* HomepwnerUITests.swift in Sources */ = {isa = PBXBuildFile; fileRef = BE071B70201D4C7C0063AC95 /* HomepwnerUITests.swift */; };
		BE071B7F201D50690063AC95 /* ItemsViewController.swift in Sources */ = {isa = PBXBuildFile; fileRef = BE071B7E201D50690063AC95 /* ItemsViewController.swift */; };
		BE071B81201D92EA0063AC95 /* Item.swift in Sources */ = {isa = PBXBuildFile; fileRef = BE071B80201D92EA0063AC95 /* Item.swift */; };
		BE071B83201D96400063AC95 /* ItemStore.swift in Sources */ = {isa = PBXBuildFile; fileRef = BE071B82201D96400063AC95 /* ItemStore.swift */; };
/* End PBXBuildFile section */

/* Begin PBXContainerItemProxy section */
		BE071B62201D4C7C0063AC95 /* PBXContainerItemProxy */ = {
			isa = PBXContainerItemProxy;
			containerPortal = BE071B45201D4C7C0063AC95 /* Project object */;
			proxyType = 1;
			remoteGlobalIDString = BE071B4C201D4C7C0063AC95;
			remoteInfo = Homepwner;
		};
		BE071B6D201D4C7C0063AC95 /* PBXContainerItemProxy */ = {
			isa = PBXContainerItemProxy;
			containerPortal = BE071B45201D4C7C0063AC95 /* Project object */;
			proxyType = 1;
			remoteGlobalIDString = BE071B4C201D4C7C0063AC95;
			remoteInfo = Homepwner;
		};
/* End PBXContainerItemProxy section */

/* Begin PBXFileReference section */
		BE071B4D201D4C7C0063AC95 /* Homepwner.app */ = {isa = PBXFileReference; explicitFileType = wrapper.application; includeInIndex = 0; path = Homepwner.app; sourceTree = BUILT_PRODUCTS_DIR; };
		BE071B50201D4C7C0063AC95 /* AppDelegate.swift */ = {isa = PBXFileReference; lastKnownFileType = sourcecode.swift; path = AppDelegate.swift; sourceTree = "<group>"; };
		BE071B55201D4C7C0063AC95 /* Base */ = {isa = PBXFileReference; lastKnownFileType = file.storyboard; name = Base; path = Base.lproj/Main.storyboard; sourceTree = "<group>"; };
		BE071B57201D4C7C0063AC95 /* Assets.xcassets */ = {isa = PBXFileReference; lastKnownFileType = folder.assetcatalog; path = Assets.xcassets; sourceTree = "<group>"; };
		BE071B5A201D4C7C0063AC95 /* Base */ = {isa = PBXFileReference; lastKnownFileType = file.storyboard; name = Base; path = Base.lproj/LaunchScreen.storyboard; sourceTree = "<group>"; };
		BE071B5C201D4C7C0063AC95 /* Info.plist */ = {isa = PBXFileReference; lastKnownFileType = text.plist.xml; path = Info.plist; sourceTree = "<group>"; };
		BE071B61201D4C7C0063AC95 /* HomepwnerTests.xctest */ = {isa = PBXFileReference; explicitFileType = wrapper.cfbundle; includeInIndex = 0; path = HomepwnerTests.xctest; sourceTree = BUILT_PRODUCTS_DIR; };
		BE071B65201D4C7C0063AC95 /* HomepwnerTests.swift */ = {isa = PBXFileReference; lastKnownFileType = sourcecode.swift; path = HomepwnerTests.swift; sourceTree = "<group>"; };
		BE071B67201D4C7C0063AC95 /* Info.plist */ = {isa = PBXFileReference; lastKnownFileType = text.plist.xml; path = Info.plist; sourceTree = "<group>"; };
		BE071B6C201D4C7C0063AC95 /* HomepwnerUITests.xctest */ = {isa = PBXFileReference; explicitFileType = wrapper.cfbundle; includeInIndex = 0; path = HomepwnerUITests.xctest; sourceTree = BUILT_PRODUCTS_DIR; };
		BE071B70201D4C7C0063AC95 /* HomepwnerUITests.swift */ = {isa = PBXFileReference; lastKnownFileType = sourcecode.swift; path = HomepwnerUITests.swift; sourceTree = "<group>"; };
		BE071B72201D4C7C0063AC95 /* Info.plist */ = {isa = PBXFileReference; lastKnownFileType = text.plist.xml; path = Info.plist; sourceTree = "<group>"; };
		BE071B7E201D50690063AC95 /* ItemsViewController.swift */ = {isa = PBXFileReference; lastKnownFileType = sourcecode.swift; path = ItemsViewController.swift; sourceTree = "<group>"; };
		BE071B80201D92EA0063AC95 /* Item.swift */ = {isa = PBXFileReference; lastKnownFileType = sourcecode.swift; path = Item.swift; sourceTree = "<group>"; };
		BE071B82201D96400063AC95 /* ItemStore.swift */ = {isa = PBXFileReference; lastKnownFileType = sourcecode.swift; path = ItemStore.swift; sourceTree = "<group>"; };
/* End PBXFileReference section */

/* Begin PBXFrameworksBuildPhase section */
		BE071B4A201D4C7C0063AC95 /* Frameworks */ = {
			isa = PBXFrameworksBuildPhase;
			buildActionMask = 2147483647;
			files = (
			);
			runOnlyForDeploymentPostprocessing = 0;
		};
		BE071B5E201D4C7C0063AC95 /* Frameworks */ = {
			isa = PBXFrameworksBuildPhase;
			buildActionMask = 2147483647;
			files = (
			);
			runOnlyForDeploymentPostprocessing = 0;
		};
		BE071B69201D4C7C0063AC95 /* Frameworks */ = {
			isa = PBXFrameworksBuildPhase;
			buildActionMask = 2147483647;
			files = (
			);
			runOnlyForDeploymentPostprocessing = 0;
		};
/* End PBXFrameworksBuildPhase section */

/* Begin PBXGroup section */
		BE071B44201D4C7C0063AC95 = {
			isa = PBXGroup;
			children = (
				BE071B4F201D4C7C0063AC95 /* Homepwner */,
				BE071B64201D4C7C0063AC95 /* HomepwnerTests */,
				BE071B6F201D4C7C0063AC95 /* HomepwnerUITests */,
				BE071B4E201D4C7C0063AC95 /* Products */,
			);
			sourceTree = "<group>";
		};
		BE071B4E201D4C7C0063AC95 /* Products */ = {
			isa = PBXGroup;
			children = (
				BE071B4D201D4C7C0063AC95 /* Homepwner.app */,
				BE071B61201D4C7C0063AC95 /* HomepwnerTests.xctest */,
				BE071B6C201D4C7C0063AC95 /* HomepwnerUITests.xctest */,
			);
			name = Products;
			sourceTree = "<group>";
		};
		BE071B4F201D4C7C0063AC95 /* Homepwner */ = {
			isa = PBXGroup;
			children = (
				BE071B50201D4C7C0063AC95 /* AppDelegate.swift */,
				BE071B54201D4C7C0063AC95 /* Main.storyboard */,
				BE071B57201D4C7C0063AC95 /* Assets.xcassets */,
				BE071B59201D4C7C0063AC95 /* LaunchScreen.storyboard */,
				BE071B5C201D4C7C0063AC95 /* Info.plist */,
				BE071B7E201D50690063AC95 /* ItemsViewController.swift */,
				BE071B80201D92EA0063AC95 /* Item.swift */,
				BE071B82201D96400063AC95 /* ItemStore.swift */,
			);
			path = Homepwner;
			sourceTree = "<group>";
		};
		BE071B64201D4C7C0063AC95 /* HomepwnerTests */ = {
			isa = PBXGroup;
			children = (
				BE071B65201D4C7C0063AC95 /* HomepwnerTests.swift */,
				BE071B67201D4C7C0063AC95 /* Info.plist */,
			);
			path = HomepwnerTests;
			sourceTree = "<group>";
		};
		BE071B6F201D4C7C0063AC95 /* HomepwnerUITests */ = {
			isa = PBXGroup;
			children = (
				BE071B70201D4C7C0063AC95 /* HomepwnerUITests.swift */,
				BE071B72201D4C7C0063AC95 /* Info.plist */,
			);
			path = HomepwnerUITests;
			sourceTree = "<group>";
		};
/* End PBXGroup section */

/* Begin PBXNativeTarget section */
		BE071B4C201D4C7C0063AC95 /* Homepwner */ = {
			isa = PBXNativeTarget;
			buildConfigurationList = BE071B75201D4C7C0063AC95 /* Build configuration list for PBXNativeTarget "Homepwner" */;
			buildPhases = (
				BE071B49201D4C7C0063AC95 /* Sources */,
				BE071B4A201D4C7C0063AC95 /* Frameworks */,
				BE071B4B201D4C7C0063AC95 /* Resources */,
			);
			buildRules = (
			);
			dependencies = (
			);
			name = Homepwner;
			productName = Homepwner;
			productReference = BE071B4D201D4C7C0063AC95 /* Homepwner.app */;
			productType = "com.apple.product-type.application";
		};
		BE071B60201D4C7C0063AC95 /* HomepwnerTests */ = {
			isa = PBXNativeTarget;
			buildConfigurationList = BE071B78201D4C7C0063AC95 /* Build configuration list for PBXNativeTarget "HomepwnerTests" */;
			buildPhases = (
				BE071B5D201D4C7C0063AC95 /* Sources */,
				BE071B5E201D4C7C0063AC95 /* Frameworks */,
				BE071B5F201D4C7C0063AC95 /* Resources */,
			);
			buildRules = (
			);
			dependencies = (
				BE071B63201D4C7C0063AC95 /* PBXTargetDependency */,
			);
			name = HomepwnerTests;
			productName = HomepwnerTests;
			productReference = BE071B61201D4C7C0063AC95 /* HomepwnerTests.xctest */;
			productType = "com.apple.product-type.bundle.unit-test";
		};
		BE071B6B201D4C7C0063AC95 /* HomepwnerUITests */ = {
			isa = PBXNativeTarget;
			buildConfigurationList = BE071B7B201D4C7C0063AC95 /* Build configuration list for PBXNativeTarget "HomepwnerUITests" */;
			buildPhases = (
				BE071B68201D4C7C0063AC95 /* Sources */,
				BE071B69201D4C7C0063AC95 /* Frameworks */,
				BE071B6A201D4C7C0063AC95 /* Resources */,
			);
			buildRules = (
			);
			dependencies = (
				BE071B6E201D4C7C0063AC95 /* PBXTargetDependency */,
			);
			name = HomepwnerUITests;
			productName = HomepwnerUITests;
			productReference = BE071B6C201D4C7C0063AC95 /* HomepwnerUITests.xctest */;
			productType = "com.apple.product-type.bundle.ui-testing";
		};
/* End PBXNativeTarget section */

/* Begin PBXProject section */
		BE071B45201D4C7C0063AC95 /* Project object */ = {
			isa = PBXProject;
			attributes = {
				LastSwiftUpdateCheck = 0920;
				LastUpgradeCheck = 0920;
				ORGANIZATIONNAME = "Big Nerd Ranch";
				TargetAttributes = {
					BE071B4C201D4C7C0063AC95 = {
						CreatedOnToolsVersion = 9.2;
						ProvisioningStyle = Automatic;
					};
					BE071B60201D4C7C0063AC95 = {
						CreatedOnToolsVersion = 9.2;
						ProvisioningStyle = Automatic;
						TestTargetID = BE071B4C201D4C7C0063AC95;
					};
					BE071B6B201D4C7C0063AC95 = {
						CreatedOnToolsVersion = 9.2;
						ProvisioningStyle = Automatic;
						TestTargetID = BE071B4C201D4C7C0063AC95;
					};
				};
			};
			buildConfigurationList = BE071B48201D4C7C0063AC95 /* Build configuration list for PBXProject "Homepwner" */;
			compatibilityVersion = "Xcode 8.0";
			developmentRegion = en;
			hasScannedForEncodings = 0;
			knownRegions = (
				en,
				Base,
			);
			mainGroup = BE071B44201D4C7C0063AC95;
			productRefGroup = BE071B4E201D4C7C0063AC95 /* Products */;
			projectDirPath = "";
			projectRoot = "";
			targets = (
				BE071B4C201D4C7C0063AC95 /* Homepwner */,
				BE071B60201D4C7C0063AC95 /* HomepwnerTests */,
				BE071B6B201D4C7C0063AC95 /* HomepwnerUITests */,
			);
		};
/* End PBXProject section */

/* Begin PBXResourcesBuildPhase section */
		BE071B4B201D4C7C0063AC95 /* Resources */ = {
			isa = PBXResourcesBuildPhase;
			buildActionMask = 2147483647;
			files = (
				BE071B5B201D4C7C0063AC95 /* LaunchScreen.storyboard in Resources */,
				BE071B58201D4C7C0063AC95 /* Assets.xcassets in Resources */,
				BE071B56201D4C7C0063AC95 /* Main.storyboard in Resources */,
			);
			runOnlyForDeploymentPostprocessing = 0;
		};
		BE071B5F201D4C7C0063AC95 /* Resources */ = {
			isa = PBXResourcesBuildPhase;
			buildActionMask = 2147483647;
			files = (
			);
			runOnlyForDeploymentPostprocessing = 0;
		};
		BE071B6A201D4C7C0063AC95 /* Resources */ = {
			isa = PBXResourcesBuildPhase;
			buildActionMask = 2147483647;
			files = (
			);
			runOnlyForDeploymentPostprocessing = 0;
		};
/* End PBXResourcesBuildPhase section */

/* Begin PBXSourcesBuildPhase section */
		BE071B49201D4C7C0063AC95 /* Sources */ = {
			isa = PBXSourcesBuildPhase;
			buildActionMask = 2147483647;
			files = (
				BE071B7F201D50690063AC95 /* ItemsViewController.swift in Sources */,
				BE071B81201D92EA0063AC95 /* Item.swift in Sources */,
				BE071B83201D96400063AC95 /* ItemStore.swift in Sources */,
				BE071B51201D4C7C0063AC95 /* AppDelegate.swift in Sources */,
			);
			runOnlyForDeploymentPostprocessing = 0;
		};
		BE071B5D201D4C7C0063AC95 /* Sources */ = {
			isa = PBXSourcesBuildPhase;
			buildActionMask = 2147483647;
			files = (
				BE071B66201D4C7C0063AC95 /* HomepwnerTests.swift in Sources */,
			);
			runOnlyForDeploymentPostprocessing = 0;
		};
		BE071B68201D4C7C0063AC95 /* Sources */ = {
			isa = PBXSourcesBuildPhase;
			buildActionMask = 2147483647;
			files = (
				BE071B71201D4C7C0063AC95 /* HomepwnerUITests.swift in Sources */,
			);
			runOnlyForDeploymentPostprocessing = 0;
		};
/* End PBXSourcesBuildPhase section */

/* Begin PBXTargetDependency section */
		BE071B63201D4C7C0063AC95 /* PBXTargetDependency */ = {
			isa = PBXTargetDependency;
			target = BE071B4C201D4C7C0063AC95 /* Homepwner */;
			targetProxy = BE071B62201D4C7C0063AC95 /* PBXContainerItemProxy */;
		};
		BE071B6E201D4C7C0063AC95 /* PBXTargetDependency */ = {
			isa = PBXTargetDependency;
			target = BE071B4C201D4C7C0063AC95 /* Homepwner */;
			targetProxy = BE071B6D201D4C7C0063AC95 /* PBXContainerItemProxy */;
		};
/* End PBXTargetDependency section */

/* Begin PBXVariantGroup section */
		BE071B54201D4C7C0063AC95 /* Main.storyboard */ = {
			isa = PBXVariantGroup;
			children = (
				BE071B55201D4C7C0063AC95 /* Base */,
			);
			name = Main.storyboard;
			sourceTree = "<group>";
		};
		BE071B59201D4C7C0063AC95 /* LaunchScreen.storyboard */ = {
			isa = PBXVariantGroup;
			children = (
				BE071B5A201D4C7C0063AC95 /* Base */,
			);
			name = LaunchScreen.storyboard;
			sourceTree = "<group>";
		};
/* End PBXVariantGroup section */

/* Begin XCBuildConfiguration section */
		BE071B73201D4C7C0063AC95 /* Debug */ = {
			isa = XCBuildConfiguration;
			buildSettings = {
				ALWAYS_SEARCH_USER_PATHS = NO;
				CLANG_ANALYZER_NONNULL = YES;
				CLANG_ANALYZER_NUMBER_OBJECT_CONVERSION = YES_AGGRESSIVE;
				CLANG_CXX_LANGUAGE_STANDARD = "gnu++14";
				CLANG_CXX_LIBRARY = "libc++";
				CLANG_ENABLE_MODULES = YES;
				CLANG_ENABLE_OBJC_ARC = YES;
				CLANG_WARN_BLOCK_CAPTURE_AUTORELEASING = YES;
				CLANG_WARN_BOOL_CONVERSION = YES;
				CLANG_WARN_COMMA = YES;
				CLANG_WARN_CONSTANT_CONVERSION = YES;
				CLANG_WARN_DIRECT_OBJC_ISA_USAGE = YES_ERROR;
				CLANG_WARN_DOCUMENTATION_COMMENTS = YES;
				CLANG_WARN_EMPTY_BODY = YES;
				CLANG_WARN_ENUM_CONVERSION = YES;
				CLANG_WARN_INFINITE_RECURSION = YES;
				CLANG_WARN_INT_CONVERSION = YES;
				CLANG_WARN_NON_LITERAL_NULL_CONVERSION = YES;
				CLANG_WARN_OBJC_LITERAL_CONVERSION = YES;
				CLANG_WARN_OBJC_ROOT_CLASS = YES_ERROR;
				CLANG_WARN_RANGE_LOOP_ANALYSIS = YES;
				CLANG_WARN_STRICT_PROTOTYPES = YES;
				CLANG_WARN_SUSPICIOUS_MOVE = YES;
				CLANG_WARN_UNGUARDED_AVAILABILITY = YES_AGGRESSIVE;
				CLANG_WARN_UNREACHABLE_CODE = YES;
				CLANG_WARN__DUPLICATE_METHOD_MATCH = YES;
				CODE_SIGN_IDENTITY = "iPhone Developer";
				COPY_PHASE_STRIP = NO;
				DEBUG_INFORMATION_FORMAT = dwarf;
				ENABLE_STRICT_OBJC_MSGSEND = YES;
				ENABLE_TESTABILITY = YES;
				GCC_C_LANGUAGE_STANDARD = gnu11;
				GCC_DYNAMIC_NO_PIC = NO;
				GCC_NO_COMMON_BLOCKS = YES;
				GCC_OPTIMIZATION_LEVEL = 0;
				GCC_PREPROCESSOR_DEFINITIONS = (
					"DEBUG=1",
					"$(inherited)",
				);
				GCC_WARN_64_TO_32_BIT_CONVERSION = YES;
				GCC_WARN_ABOUT_RETURN_TYPE = YES_ERROR;
				GCC_WARN_UNDECLARED_SELECTOR = YES;
				GCC_WARN_UNINITIALIZED_AUTOS = YES_AGGRESSIVE;
				GCC_WARN_UNUSED_FUNCTION = YES;
				GCC_WARN_UNUSED_VARIABLE = YES;
				IPHONEOS_DEPLOYMENT_TARGET = 11.2;
				MTL_ENABLE_DEBUG_INFO = YES;
				ONLY_ACTIVE_ARCH = YES;
				SDKROOT = iphoneos;
				SWIFT_ACTIVE_COMPILATION_CONDITIONS = DEBUG;
				SWIFT_OPTIMIZATION_LEVEL = "-Onone";
			};
			name = Debug;
		};
		BE071B74201D4C7C0063AC95 /* Release */ = {
			isa = XCBuildConfiguration;
			buildSettings = {
				ALWAYS_SEARCH_USER_PATHS = NO;
				CLANG_ANALYZER_NONNULL = YES;
				CLANG_ANALYZER_NUMBER_OBJECT_CONVERSION = YES_AGGRESSIVE;
				CLANG_CXX_LANGUAGE_STANDARD = "gnu++14";
				CLANG_CXX_LIBRARY = "libc++";
				CLANG_ENABLE_MODULES = YES;
				CLANG_ENABLE_OBJC_ARC = YES;
				CLANG_WARN_BLOCK_CAPTURE_AUTORELEASING = YES;
				CLANG_WARN_BOOL_CONVERSION = YES;
				CLANG_WARN_COMMA = YES;
				CLANG_WARN_CONSTANT_CONVERSION = YES;
				CLANG_WARN_DIRECT_OBJC_ISA_USAGE = YES_ERROR;
				CLANG_WARN_DOCUMENTATION_COMMENTS = YES;
				CLANG_WARN_EMPTY_BODY = YES;
				CLANG_WARN_ENUM_CONVERSION = YES;
				CLANG_WARN_INFINITE_RECURSION = YES;
				CLANG_WARN_INT_CONVERSION = YES;
				CLANG_WARN_NON_LITERAL_NULL_CONVERSION = YES;
				CLANG_WARN_OBJC_LITERAL_CONVERSION = YES;
				CLANG_WARN_OBJC_ROOT_CLASS = YES_ERROR;
				CLANG_WARN_RANGE_LOOP_ANALYSIS = YES;
				CLANG_WARN_STRICT_PROTOTYPES = YES;
				CLANG_WARN_SUSPICIOUS_MOVE = YES;
				CLANG_WARN_UNGUARDED_AVAILABILITY = YES_AGGRESSIVE;
				CLANG_WARN_UNREACHABLE_CODE = YES;
				CLANG_WARN__DUPLICATE_METHOD_MATCH = YES;
				CODE_SIGN_IDENTITY = "iPhone Developer";
				COPY_PHASE_STRIP = NO;
				DEBUG_INFORMATION_FORMAT = "dwarf-with-dsym";
				ENABLE_NS_ASSERTIONS = NO;
				ENABLE_STRICT_OBJC_MSGSEND = YES;
				GCC_C_LANGUAGE_STANDARD = gnu11;
				GCC_NO_COMMON_BLOCKS = YES;
				GCC_WARN_64_TO_32_BIT_CONVERSION = YES;
				GCC_WARN_ABOUT_RETURN_TYPE = YES_ERROR;
				GCC_WARN_UNDECLARED_SELECTOR = YES;
				GCC_WARN_UNINITIALIZED_AUTOS = YES_AGGRESSIVE;
				GCC_WARN_UNUSED_FUNCTION = YES;
				GCC_WARN_UNUSED_VARIABLE = YES;
				IPHONEOS_DEPLOYMENT_TARGET = 11.2;
				MTL_ENABLE_DEBUG_INFO = NO;
				SDKROOT = iphoneos;
				SWIFT_OPTIMIZATION_LEVEL = "-Owholemodule";
				VALIDATE_PRODUCT = YES;
			};
			name = Release;
		};
		BE071B76201D4C7C0063AC95 /* Debug */ = {
			isa = XCBuildConfiguration;
			buildSettings = {
				ASSETCATALOG_COMPILER_APPICON_NAME = AppIcon;
				CODE_SIGN_STYLE = Automatic;
				INFOPLIST_FILE = Homepwner/Info.plist;
				LD_RUNPATH_SEARCH_PATHS = "$(inherited) @executable_path/Frameworks";
				PRODUCT_BUNDLE_IDENTIFIER = com.bignerdranch.Homepwner;
				PRODUCT_NAME = "$(TARGET_NAME)";
				SWIFT_VERSION = 4.0;
				TARGETED_DEVICE_FAMILY = "1,2";
			};
			name = Debug;
		};
		BE071B77201D4C7C0063AC95 /* Release */ = {
			isa = XCBuildConfiguration;
			buildSettings = {
				ASSETCATALOG_COMPILER_APPICON_NAME = AppIcon;
				CODE_SIGN_STYLE = Automatic;
				INFOPLIST_FILE = Homepwner/Info.plist;
				LD_RUNPATH_SEARCH_PATHS = "$(inherited) @executable_path/Frameworks";
				PRODUCT_BUNDLE_IDENTIFIER = com.bignerdranch.Homepwner;
				PRODUCT_NAME = "$(TARGET_NAME)";
				SWIFT_VERSION = 4.0;
				TARGETED_DEVICE_FAMILY = "1,2";
			};
			name = Release;
		};
		BE071B79201D4C7C0063AC95 /* Debug */ = {
			isa = XCBuildConfiguration;
			buildSettings = {
				ALWAYS_EMBED_SWIFT_STANDARD_LIBRARIES = YES;
				BUNDLE_LOADER = "$(TEST_HOST)";
				CODE_SIGN_STYLE = Automatic;
				INFOPLIST_FILE = HomepwnerTests/Info.plist;
				LD_RUNPATH_SEARCH_PATHS = "$(inherited) @executable_path/Frameworks @loader_path/Frameworks";
				PRODUCT_BUNDLE_IDENTIFIER = com.bignerdranch.HomepwnerTests;
				PRODUCT_NAME = "$(TARGET_NAME)";
				SWIFT_VERSION = 4.0;
				TARGETED_DEVICE_FAMILY = "1,2";
				TEST_HOST = "$(BUILT_PRODUCTS_DIR)/Homepwner.app/Homepwner";
			};
			name = Debug;
		};
		BE071B7A201D4C7C0063AC95 /* Release */ = {
			isa = XCBuildConfiguration;
			buildSettings = {
				ALWAYS_EMBED_SWIFT_STANDARD_LIBRARIES = YES;
				BUNDLE_LOADER = "$(TEST_HOST)";
				CODE_SIGN_STYLE = Automatic;
				INFOPLIST_FILE = HomepwnerTests/Info.plist;
				LD_RUNPATH_SEARCH_PATHS = "$(inherited) @executable_path/Frameworks @loader_path/Frameworks";
				PRODUCT_BUNDLE_IDENTIFIER = com.bignerdranch.HomepwnerTests;
				PRODUCT_NAME = "$(TARGET_NAME)";
				SWIFT_VERSION = 4.0;
				TARGETED_DEVICE_FAMILY = "1,2";
				TEST_HOST = "$(BUILT_PRODUCTS_DIR)/Homepwner.app/Homepwner";
			};
			name = Release;
		};
		BE071B7C201D4C7C0063AC95 /* Debug */ = {
			isa = XCBuildConfiguration;
			buildSettings = {
				ALWAYS_EMBED_SWIFT_STANDARD_LIBRARIES = YES;
				CODE_SIGN_STYLE = Automatic;
				INFOPLIST_FILE = HomepwnerUITests/Info.plist;
				LD_RUNPATH_SEARCH_PATHS = "$(inherited) @executable_path/Frameworks @loader_path/Frameworks";
				PRODUCT_BUNDLE_IDENTIFIER = com.bignerdranch.HomepwnerUITests;
				PRODUCT_NAME = "$(TARGET_NAME)";
				SWIFT_VERSION = 4.0;
				TARGETED_DEVICE_FAMILY = "1,2";
				TEST_TARGET_NAME = Homepwner;
			};
			name = Debug;
		};
		BE071B7D201D4C7C0063AC95 /* Release */ = {
			isa = XCBuildConfiguration;
			buildSettings = {
				ALWAYS_EMBED_SWIFT_STANDARD_LIBRARIES = YES;
				CODE_SIGN_STYLE = Automatic;
				INFOPLIST_FILE = HomepwnerUITests/Info.plist;
				LD_RUNPATH_SEARCH_PATHS = "$(inherited) @executable_path/Frameworks @loader_path/Frameworks";
				PRODUCT_BUNDLE_IDENTIFIER = com.bignerdranch.HomepwnerUITests;
				PRODUCT_NAME = "$(TARGET_NAME)";
				SWIFT_VERSION = 4.0;
				TARGETED_DEVICE_FAMILY = "1,2";
				TEST_TARGET_NAME = Homepwner;
			};
			name = Release;
		};
/* End XCBuildConfiguration section */

/* Begin XCConfigurationList section */
		BE071B48201D4C7C0063AC95 /* Build configuration list for PBXProject "Homepwner" */ = {
			isa = XCConfigurationList;
			buildConfigurations = (
				BE071B73201D4C7C0063AC95 /* Debug */,
				BE071B74201D4C7C0063AC95 /* Release */,
			);
			defaultConfigurationIsVisible = 0;
			defaultConfigurationName = Release;
		};
		BE071B75201D4C7C0063AC95 /* Build configuration list for PBXNativeTarget "Homepwner" */ = {
			isa = XCConfigurationList;
			buildConfigurations = (
				BE071B76201D4C7C0063AC95 /* Debug */,
				BE071B77201D4C7C0063AC95 /* Release */,
			);
			defaultConfigurationIsVisible = 0;
			defaultConfigurationName = Release;
		};
		BE071B78201D4C7C0063AC95 /* Build configuration list for PBXNativeTarget "HomepwnerTests" */ = {
			isa = XCConfigurationList;
			buildConfigurations = (
				BE071B79201D4C7C0063AC95 /* Debug */,
				BE071B7A201D4C7C0063AC95 /* Release */,
			);
			defaultConfigurationIsVisible = 0;
			defaultConfigurationName = Release;
		};
		BE071B7B201D4C7C0063AC95 /* Build configuration list for PBXNativeTarget "HomepwnerUITests" */ = {
			isa = XCConfigurationList;
			buildConfigurations = (
				BE071B7C201D4C7C0063AC95 /* Debug */,
				BE071B7D201D4C7C0063AC95 /* Release */,
			);
			defaultConfigurationIsVisible = 0;
			defaultConfigurationName = Release;
		};
/* End XCConfigurationList section */
	};
	rootObject = BE071B45201D4C7C0063AC95 /* Project object */;
}
